
Microsoft Visual Studio Solution File, Format Version 12.00
# Visual Studio Version 17
VisualStudioVersion = 17.9.34728.123
MinimumVisualStudioVersion = 10.0.40219.1
Project("{FAE04EC0-301F-11D3-BF4B-00C04F79EFBC}") = "Table_Math", "Table_Math\Table_Math.csproj", "{C8F678F7-02D3-42FB-A816-F389B667A13C}"
EndProject
Global
	GlobalSection(SolutionConfigurationPlatforms) = preSolution
		Debug|Any CPU = Debug|Any CPU
		Release|Any CPU = Release|Any CPU
	EndGlobalSection
	GlobalSection(ProjectConfigurationPlatforms) = postSolution
		{C8F678F7-02D3-42FB-A816-F389B667A13C}.Debug|Any CPU.ActiveCfg = Debug|Any CPU
		{C8F678F7-02D3-42FB-A816-F389B667A13C}.Debug|Any CPU.Build.0 = Debug|Any CPU
		{C8F678F7-02D3-42FB-A816-F389B667A13C}.Release|Any CPU.ActiveCfg = Release|Any CPU
		{C8F678F7-02D3-42FB-A816-F389B667A13C}.Release|Any CPU.Build.0 = Release|Any CPU
	EndGlobalSection
	GlobalSection(SolutionProperties) = preSolution
		HideSolutionNode = FALSE
	EndGlobalSection
	GlobalSection(ExtensibilityGlobals) = postSolution
		SolutionGuid = {D878BBA5-20AA-4066-9B1C-783B501E60C8}
	EndGlobalSection
EndGlobal
